
Microsoft Visual Studio Solution File, Format Version 12.00
# Visual Studio Version 16
VisualStudioVersion = 16.0.36631.11
MinimumVisualStudioVersion = 10.0.40219.1
Project("{FAE04EC0-301F-11D3-BF4B-00C04F79EFBC}") = "QuanLyThuVien", "QuanLyThuVien\QuanLyThuVien.csproj", "{CF1906CF-E69B-4300-86A7-EED5A2073D27}"
EndProject
Project("{2150E333-8FDC-42A3-9474-1A3956D46DE8}") = "Solution Items", "Solution Items", "{4A92AF94-BC6C-4A0E-A9E4-CA95A7D73887}"
	ProjectSection(SolutionItems) = preProject
		.gitignore = .gitignore
	EndProjectSection
EndProject
Global
	GlobalSection(SolutionConfigurationPlatforms) = preSolution
		Debug|Any CPU = Debug|Any CPU
		Release|Any CPU = Release|Any CPU
	EndGlobalSection
	GlobalSection(ProjectConfigurationPlatforms) = postSolution
		{CF1906CF-E69B-4300-86A7-EED5A2073D27}.Debug|Any CPU.ActiveCfg = Debug|Any CPU
		{CF1906CF-E69B-4300-86A7-EED5A2073D27}.Debug|Any CPU.Build.0 = Debug|Any CPU
		{CF1906CF-E69B-4300-86A7-EED5A2073D27}.Release|Any CPU.ActiveCfg = Release|Any CPU
		{CF1906CF-E69B-4300-86A7-EED5A2073D27}.Release|Any CPU.Build.0 = Release|Any CPU
	EndGlobalSection
	GlobalSection(SolutionProperties) = preSolution
		HideSolutionNode = FALSE
	EndGlobalSection
	GlobalSection(ExtensibilityGlobals) = postSolution
		SolutionGuid = {AA809E28-BE54-4418-B444-C239D1462DC9}
	EndGlobalSection
EndGlobal
